
Microsoft Visual Studio Solution File, Format Version 12.00
# Visual Studio Version 17
VisualStudioVersion = 17.12.35707.178
MinimumVisualStudioVersion = 10.0.40219.1
Project("{FAE04EC0-301F-11D3-BF4B-00C04F79EFBC}") = "YP02.01Proga", "YP02.01Proga\YP02.01Proga.csproj", "{4420BA87-38CC-40BE-86D5-E8A20111A8EC}"
EndProject
Global
	GlobalSection(SolutionConfigurationPlatforms) = preSolution
		Debug|Any CPU = Debug|Any CPU
		Release|Any CPU = Release|Any CPU
	EndGlobalSection
	GlobalSection(ProjectConfigurationPlatforms) = postSolution
		{4420BA87-38CC-40BE-86D5-E8A20111A8EC}.Debug|Any CPU.ActiveCfg = Debug|Any CPU
		{4420BA87-38CC-40BE-86D5-E8A20111A8EC}.Debug|Any CPU.Build.0 = Debug|Any CPU
		{4420BA87-38CC-40BE-86D5-E8A20111A8EC}.Release|Any CPU.ActiveCfg = Release|Any CPU
		{4420BA87-38CC-40BE-86D5-E8A20111A8EC}.Release|Any CPU.Build.0 = Release|Any CPU
	EndGlobalSection
	GlobalSection(SolutionProperties) = preSolution
		HideSolutionNode = FALSE
	EndGlobalSection
EndGlobal
